
Microsoft Visual Studio Solution File, Format Version 12.00
# Visual Studio Version 17
VisualStudioVersion = 17.3.32901.215
MinimumVisualStudioVersion = 10.0.40219.1
Project("{888888A0-9F3D-457C-B088-3A5042F75D52}") = "PIKPOlab3", "PIKPOlab3\PIKPOlab3.pyproj", "{35FEF112-2601-4436-98A7-9B43E498A6F3}"
EndProject
Global
	GlobalSection(SolutionConfigurationPlatforms) = preSolution
		Debug|Any CPU = Debug|Any CPU
		Release|Any CPU = Release|Any CPU
	EndGlobalSection
	GlobalSection(ProjectConfigurationPlatforms) = postSolution
		{35FEF112-2601-4436-98A7-9B43E498A6F3}.Debug|Any CPU.ActiveCfg = Debug|Any CPU
		{35FEF112-2601-4436-98A7-9B43E498A6F3}.Release|Any CPU.ActiveCfg = Release|Any CPU
	EndGlobalSection
	GlobalSection(SolutionProperties) = preSolution
		HideSolutionNode = FALSE
	EndGlobalSection
	GlobalSection(ExtensibilityGlobals) = postSolution
		SolutionGuid = {A06B1133-095D-4FC2-8875-707C5275EE3D}
	EndGlobalSection
EndGlobal
